{
  "lockfileVersion": 1,
  "configVersion": 1,
  "workspaces": {
    "": {
      "dependencies": {
        "lucide": "^1.26.0",
        "lucide-static": "^1.26.0",
      },
    },
  },
  "packages": {
    "lucide": ["lucide@1.26.0", "", {}, "sha512-koKiuPC/3VLiIGY+hXn9pSurD4b54LgvkNqb9FjF8A4l5ftgRwFgmpPHoOnMLPbNj8oiDjMfMsnU3FITuxZ6Mw=="],

    "lucide-static": ["lucide-static@1.26.0", "", {}, "sha512-6yCpa2ONICjlE19BuneIi75ASd9cCZhqJlzhAlQBi+99m2aZd2cNzxFVbDgPu7JLBZR2uDYO/EpLYtnhGw5Niw=="],
  }
}
